
Microsoft Visual Studio Solution File, Format Version 12.00
# Visual Studio Version 17
VisualStudioVersion = 17.7.34024.191
MinimumVisualStudioVersion = 10.0.40219.1
Project("{FAE04EC0-301F-11D3-BF4B-00C04F79EFBC}") = "NewSpecificationLib", "NewSpecificationLib.csproj", "{10EB6A8B-0B7D-48E0-B478-D4F9D20EFAAA}"
EndProject
Global
	GlobalSection(SolutionConfigurationPlatforms) = preSolution
		Debug|Any CPU = Debug|Any CPU
		Release|Any CPU = Release|Any CPU
	EndGlobalSection
	GlobalSection(ProjectConfigurationPlatforms) = postSolution
		{10EB6A8B-0B7D-48E0-B478-D4F9D20EFAAA}.Debug|Any CPU.ActiveCfg = Debug|Any CPU
		{10EB6A8B-0B7D-48E0-B478-D4F9D20EFAAA}.Debug|Any CPU.Build.0 = Debug|Any CPU
		{10EB6A8B-0B7D-48E0-B478-D4F9D20EFAAA}.Release|Any CPU.ActiveCfg = Release|Any CPU
		{10EB6A8B-0B7D-48E0-B478-D4F9D20EFAAA}.Release|Any CPU.Build.0 = Release|Any CPU
	EndGlobalSection
	GlobalSection(SolutionProperties) = preSolution
		HideSolutionNode = FALSE
	EndGlobalSection
	GlobalSection(ExtensibilityGlobals) = postSolution
		SolutionGuid = {E14EC742-ABE8-4811-A231-1195F16C022E}
	EndGlobalSection
EndGlobal
